{
  "pins" : [
    {
      "identity" : "alamofire",
      "kind" : "remoteSourceControl",
      "location" : "https://github.com/Alamofire/Alamofire",
      "state" : {
        "revision" : "3dc6a42c7727c49bf26508e29b0a0b35f9c7e1ad",
        "version" : "5.8.1"
      }
    },
    {
      "identity" : "codablewrappers",
      "kind" : "remoteSourceControl",
      "location" : "https://github.com/GottaGetSwifty/CodableWrappers",
      "state" : {
        "revision" : "4eb46a4c656333e8514db8aad204445741de7d40",
        "version" : "2.0.7"
      }
    },
    {
      "identity" : "r.swift",
      "kind" : "remoteSourceControl",
      "location" : "https://github.com/mac-cain13/R.swift",
      "state" : {
        "revision" : "a76220f2c4b73bdda670f4a318c6ec983399ac6d",
        "version" : "7.4.0"
      }
    },
    {
      "identity" : "swift-argument-parser",
      "kind" : "remoteSourceControl",
      "location" : "https://github.com/apple/swift-argument-parser",
      "state" : {
        "revision" : "c8ed701b513cf5177118a175d85fbbbcd707ab41",
        "version" : "1.3.0"
      }
    },
    {
      "identity" : "swift-async-algorithms",
      "kind" : "remoteSourceControl",
      "location" : "https://github.com/apple/swift-async-algorithms.git",
      "state" : {
        "revision" : "da4e36f86544cdf733a40d59b3a2267e3a7bbf36",
        "version" : "1.0.0"
      }
    },
    {
      "identity" : "swift-collections",
      "kind" : "remoteSourceControl",
      "location" : "https://github.com/apple/swift-collections.git",
      "state" : {
        "revision" : "d029d9d39c87bed85b1c50adee7c41795261a192",
        "version" : "1.0.6"
      }
    },
    {
      "identity" : "xcodeedit",
      "kind" : "remoteSourceControl",
      "location" : "https://github.com/tomlokhorst/XcodeEdit",
      "state" : {
        "revision" : "b6b67389a0f1a6fdd9c6457a8ab5b02eaab13c5c",
        "version" : "2.9.2"
      }
    }
  ],
  "version" : 2
}
